Microsoft Visual Studio Solution File, Format Version 12.00
# Visual Studio Version 17
VisualStudioVersion = 17.5.2.0
MinimumVisualStudioVersion = 10.0.40219.1
Project("{FAE04EC0-301F-11D3-BF4B-00C04F79EFBC}") = "SignupApp", "SignupApp.csproj", "{007F39FF-6D84-E704-9E5E-785B074A3568}"
EndProject
Global
	GlobalSection(SolutionConfigurationPlatforms) = preSolution
		Debug|Any CPU = Debug|Any CPU
		Release|Any CPU = Release|Any CPU
	EndGlobalSection
	GlobalSection(ProjectConfigurationPlatforms) = postSolution
		{007F39FF-6D84-E704-9E5E-785B074A3568}.Debug|Any CPU.ActiveCfg = Debug|Any CPU
		{007F39FF-6D84-E704-9E5E-785B074A3568}.Debug|Any CPU.Build.0 = Debug|Any CPU
		{007F39FF-6D84-E704-9E5E-785B074A3568}.Release|Any CPU.ActiveCfg = Release|Any CPU
		{007F39FF-6D84-E704-9E5E-785B074A3568}.Release|Any CPU.Build.0 = Release|Any CPU
	EndGlobalSection
	GlobalSection(SolutionProperties) = preSolution
		HideSolutionNode = FALSE
	EndGlobalSection
	GlobalSection(ExtensibilityGlobals) = postSolution
		SolutionGuid = {74CE42AF-51F9-46F9-A7A5-67CCFC697BFB}
	EndGlobalSection
EndGlobal
